{
  "version": "2",
  "remote": {
    "https://cdn.skypack.dev/-/@faker-js/faker@v7.6.0-gos0hwPsBen4rbtoIqy3/dist=es2019,mode=imports/optimized/@faker-js/faker.js": "95bf5c05929c7a670021fc2a8175b766425ae743bc1597d133b952f48c7bd9d3",
    "https://cdn.skypack.dev/-/@faker-js/faker@v7.6.0-gos0hwPsBen4rbtoIqy3/dist=es2019,mode=imports/optimized/common/chunk-2ARF2KYP-a5fa6163.js": "9795093c2cb7629e868c72e03220cdd8115ff903f0425c02e0a8a2d916dfe3d1",
    "https://cdn.skypack.dev/-/@faker-js/faker@v7.6.0-gos0hwPsBen4rbtoIqy3/dist=es2019,mode=imports/optimized/common/chunk-3ARMJFIB-1771daad.js": "fb4f458becd152fac5974e587666e65896f1bc0d124aa01aa36c2e2d4cd033d0",
    "https://cdn.skypack.dev/-/@faker-js/faker@v7.6.0-gos0hwPsBen4rbtoIqy3/dist=es2019,mode=imports/optimized/common/chunk-3BX74TNW-df343665.js": "9c765c042b6bcb2788a82a631a8d65be37ef87e8d0f59440cab96c8c57552e08",
    "https://cdn.skypack.dev/-/@faker-js/faker@v7.6.0-gos0hwPsBen4rbtoIqy3/dist=es2019,mode=imports/optimized/common/chunk-4QDT4GR4-3ba2a13b.js": "b962c06674496ab388cc5364d141957ef0e58cd475cf4fff3b5535782f449237",
    "https://cdn.skypack.dev/-/@faker-js/faker@v7.6.0-gos0hwPsBen4rbtoIqy3/dist=es2019,mode=imports/optimized/common/chunk-4WRXY4YA-863f0771.js": "e2ab586a497e313d9b6f11ebf39cc585fd464241b97020c418a3dfcdd544531f",
    "https://cdn.skypack.dev/-/@faker-js/faker@v7.6.0-gos0hwPsBen4rbtoIqy3/dist=es2019,mode=imports/optimized/common/chunk-572NMBBA-12f3204c.js": "314d70bf76d709107070a1232162b8d3cedc6b8c33b782cf3208b257602f0707",
    "https://cdn.skypack.dev/-/@faker-js/faker@v7.6.0-gos0hwPsBen4rbtoIqy3/dist=es2019,mode=imports/optimized/common/chunk-5ZAQ2U6R-4c86b38c.js": "6a3bc16c07304fe0427824c09134c55b5824bc98f88e5597325a2baabbb9e98c",
    "https://cdn.skypack.dev/-/@faker-js/faker@v7.6.0-gos0hwPsBen4rbtoIqy3/dist=es2019,mode=imports/optimized/common/chunk-7F72AJZR-12bc6c0c.js": "131c770921f0709a249fc8098e5c402a2a247af6786a5864fd88425487f83bce",
    "https://cdn.skypack.dev/-/@faker-js/faker@v7.6.0-gos0hwPsBen4rbtoIqy3/dist=es2019,mode=imports/optimized/common/chunk-7M4JXUUT-b8fb287e.js": "38b3322abfa722e08803796eeb72a1907d53aa7519d6520feeb69bc0868167e7",
    "https://cdn.skypack.dev/-/@faker-js/faker@v7.6.0-gos0hwPsBen4rbtoIqy3/dist=es2019,mode=imports/optimized/common/chunk-AC7CIJLS-be8b2406.js": "249b04791b9addd38077bb23d5516b82358d6de1aa04201a4d7fb31c0927e09b",
    "https://cdn.skypack.dev/-/@faker-js/faker@v7.6.0-gos0hwPsBen4rbtoIqy3/dist=es2019,mode=imports/optimized/common/chunk-BDJXH623-d3330d4a.js": "a44c352dbce3876667f2143cf2e416468ace424b57e2e194ea920bc1e3847e70",
    "https://cdn.skypack.dev/-/@faker-js/faker@v7.6.0-gos0hwPsBen4rbtoIqy3/dist=es2019,mode=imports/optimized/common/chunk-BDWC2LEF-0bcb5442.js": "b58d905b9f27ef32be5a42cf5290784a230520ae23c1b9146630ef62517877a9",
    "https://cdn.skypack.dev/-/@faker-js/faker@v7.6.0-gos0hwPsBen4rbtoIqy3/dist=es2019,mode=imports/optimized/common/chunk-BG5XSEAX-ed8f9c55.js": "e86dc7670e1eb8f33faf21a5386a9dbececad6fd9886919f4a70a644ab66f3c8",
    "https://cdn.skypack.dev/-/@faker-js/faker@v7.6.0-gos0hwPsBen4rbtoIqy3/dist=es2019,mode=imports/optimized/common/chunk-CNLXCJ2I-a2df7dcb.js": "2dc73fcd07a40e55be04de096e8aeae4642bbb1cca7623bdd721e0c3b1caa8d6",
    "https://cdn.skypack.dev/-/@faker-js/faker@v7.6.0-gos0hwPsBen4rbtoIqy3/dist=es2019,mode=imports/optimized/common/chunk-DHYAFIBN-2af2f8ff.js": "d265c849cb446fbc83230eb44afc178effc0bda81545f503cc6102ebf8813fc2",
    "https://cdn.skypack.dev/-/@faker-js/faker@v7.6.0-gos0hwPsBen4rbtoIqy3/dist=es2019,mode=imports/optimized/common/chunk-DWQIXVVW-432de892.js": "cb13e7dab33b6f7a7f7873bf1dfa4fa5320f38a9b266ec46e6cc8c3f04275517",
    "https://cdn.skypack.dev/-/@faker-js/faker@v7.6.0-gos0hwPsBen4rbtoIqy3/dist=es2019,mode=imports/optimized/common/chunk-EB7QWEJK-9d614530.js": "becd0e3fdad95b36d14356f87e3b3ae9635d694fd6dfb560d59f90e2795db80c",
    "https://cdn.skypack.dev/-/@faker-js/faker@v7.6.0-gos0hwPsBen4rbtoIqy3/dist=es2019,mode=imports/optimized/common/chunk-EZQM6TIL-262733bf.js": "1b91e45a2750fc2de420f2af21237a9a175429a74195852a13ad165ee65651c8",
    "https://cdn.skypack.dev/-/@faker-js/faker@v7.6.0-gos0hwPsBen4rbtoIqy3/dist=es2019,mode=imports/optimized/common/chunk-FCSWVLM3-45123785.js": "0e229420c0ffb0f66433432e3ab86f096e7f8e6b390a8b5744d1bc82ccd992cb",
    "https://cdn.skypack.dev/-/@faker-js/faker@v7.6.0-gos0hwPsBen4rbtoIqy3/dist=es2019,mode=imports/optimized/common/chunk-G6GIS7LZ-40f51e47.js": "6f37da44f06bea1d95709e7cb6c57bd65029ba99f3e4474d6f9791f71cce1c0d",
    "https://cdn.skypack.dev/-/@faker-js/faker@v7.6.0-gos0hwPsBen4rbtoIqy3/dist=es2019,mode=imports/optimized/common/chunk-GDLFIL7K-f9ff11c7.js": "82029f7a741b535d95c6d8f5dcffeced063c9a74373632024e3e841cd2ecfd55",
    "https://cdn.skypack.dev/-/@faker-js/faker@v7.6.0-gos0hwPsBen4rbtoIqy3/dist=es2019,mode=imports/optimized/common/chunk-HA3GPRO5-2e8959b1.js": "3af5224cdca6a30923c99363286ca2e0c1b8c073e2b57ca2aeec1c0d987edd95",
    "https://cdn.skypack.dev/-/@faker-js/faker@v7.6.0-gos0hwPsBen4rbtoIqy3/dist=es2019,mode=imports/optimized/common/chunk-HMKBSESR-8182708a.js": "4bedd59a82571064491a9f3e263446732e0dd46166478b364edcd7ccf5fc3792",
    "https://cdn.skypack.dev/-/@faker-js/faker@v7.6.0-gos0hwPsBen4rbtoIqy3/dist=es2019,mode=imports/optimized/common/chunk-JIMEU6GT-2cdd243b.js": "ab94d2cd103e9021bd072fe99630a62d0dc61a1a7bc103a4f1b5a0c1d7e2eb59",
    "https://cdn.skypack.dev/-/@faker-js/faker@v7.6.0-gos0hwPsBen4rbtoIqy3/dist=es2019,mode=imports/optimized/common/chunk-KMHR4YDU-c2d6c8d1.js": "1601d3a27887793799f250e245d7e08d0a577456d51d3c03d0456d9fadfcd03e",
    "https://cdn.skypack.dev/-/@faker-js/faker@v7.6.0-gos0hwPsBen4rbtoIqy3/dist=es2019,mode=imports/optimized/common/chunk-MBBBPC24-d07293cb.js": "cf04cdaf522cefe04b462f2e9c2e4789fbf2ceb8e380d684d54786678029387a",
    "https://cdn.skypack.dev/-/@faker-js/faker@v7.6.0-gos0hwPsBen4rbtoIqy3/dist=es2019,mode=imports/optimized/common/chunk-MYXNWJ2J-5e9054db.js": "b7d661ff162288f3f51a5071cc619ac5bd1fdd498e7aa1b84c33b5b2886b6e15",
    "https://cdn.skypack.dev/-/@faker-js/faker@v7.6.0-gos0hwPsBen4rbtoIqy3/dist=es2019,mode=imports/optimized/common/chunk-N54TB7R3-cfda9ab3.js": "15bf2fcd06adc2f3c7dd1ee03d57967910bc3c1c91a01fb77f3e99002f5eb5b3",
    "https://cdn.skypack.dev/-/@faker-js/faker@v7.6.0-gos0hwPsBen4rbtoIqy3/dist=es2019,mode=imports/optimized/common/chunk-NFMQMJTZ-23dcc16b.js": "25d529d8d4d39ae9752fbf0f4e0d630885ae5771d2d663a9532ce67243c7c288",
    "https://cdn.skypack.dev/-/@faker-js/faker@v7.6.0-gos0hwPsBen4rbtoIqy3/dist=es2019,mode=imports/optimized/common/chunk-NOA2ZY6V-51e65d6a.js": "3c1a765f8bfd3b1d06327e8498ccc9ec605476698d5639f03188c6da29216bf5",
    "https://cdn.skypack.dev/-/@faker-js/faker@v7.6.0-gos0hwPsBen4rbtoIqy3/dist=es2019,mode=imports/optimized/common/chunk-NOKPGS4X-ec5714b3.js": "03372d21cd2a47ec4ad2d25fc735c327551055da3aaf09fb2a88edd57a009aa4",
    "https://cdn.skypack.dev/-/@faker-js/faker@v7.6.0-gos0hwPsBen4rbtoIqy3/dist=es2019,mode=imports/optimized/common/chunk-NQOA56Q7-709aa766.js": "36e663a0410a33dcf6dedee2e6cdad303dd071cf8062512452717060a7cb27ad",
    "https://cdn.skypack.dev/-/@faker-js/faker@v7.6.0-gos0hwPsBen4rbtoIqy3/dist=es2019,mode=imports/optimized/common/chunk-OEKYCRFB-4ed5e1c3.js": "b3772fecbf0f972c314ed642e3bfd29aab7d45a7154be2909c4d8ba6812e0e5c",
    "https://cdn.skypack.dev/-/@faker-js/faker@v7.6.0-gos0hwPsBen4rbtoIqy3/dist=es2019,mode=imports/optimized/common/chunk-OP2QW3G5-003f3f9e.js": "49c7c077ea95cafa59e71ed50b20bf7b60916103f1716cd3fd175d7def6ab9b7",
    "https://cdn.skypack.dev/-/@faker-js/faker@v7.6.0-gos0hwPsBen4rbtoIqy3/dist=es2019,mode=imports/optimized/common/chunk-PHKD4ARO-8fbcaa0e.js": "fbb86a76b031cde9860cf10c67227166f7b1bf4e94c09f3e8f83bccdc710a4ab",
    "https://cdn.skypack.dev/-/@faker-js/faker@v7.6.0-gos0hwPsBen4rbtoIqy3/dist=es2019,mode=imports/optimized/common/chunk-PTPXZ7BA-1033eb21.js": "11d6c378d20c7cf8bcf881852528e352201a2cb6d4f8f95121784fb426112add",
    "https://cdn.skypack.dev/-/@faker-js/faker@v7.6.0-gos0hwPsBen4rbtoIqy3/dist=es2019,mode=imports/optimized/common/chunk-QKDMGTDO-60b39ce8.js": "209e8448545b642477c4a9504007128acc93da83d734a3be6b119e9ab8cd5c40",
    "https://cdn.skypack.dev/-/@faker-js/faker@v7.6.0-gos0hwPsBen4rbtoIqy3/dist=es2019,mode=imports/optimized/common/chunk-RBYSY45B-b0b05f57.js": "3ad3f7be687a85dc93f44144ceac5b4b1470778c6862ac21f0a31b9efb22c4b4",
    "https://cdn.skypack.dev/-/@faker-js/faker@v7.6.0-gos0hwPsBen4rbtoIqy3/dist=es2019,mode=imports/optimized/common/chunk-SBNWBO2R-51b54d68.js": "ab659544c970e1a40cc012ade06316a3e6f41ef623f493e473686a380feb276d",
    "https://cdn.skypack.dev/-/@faker-js/faker@v7.6.0-gos0hwPsBen4rbtoIqy3/dist=es2019,mode=imports/optimized/common/chunk-SKS62GR6-91650ffb.js": "ccb989d391b59526946be6dbc39584ae480e376f5d2082ffde0ae70a3dab8df3",
    "https://cdn.skypack.dev/-/@faker-js/faker@v7.6.0-gos0hwPsBen4rbtoIqy3/dist=es2019,mode=imports/optimized/common/chunk-TJ6YH7C2-b6715941.js": "7e30d0937b5eab23b2f097ccdef9de0aa4186e7a72bff99ca0a3506527192ccd",
    "https://cdn.skypack.dev/-/@faker-js/faker@v7.6.0-gos0hwPsBen4rbtoIqy3/dist=es2019,mode=imports/optimized/common/chunk-UCPFQJLO-7d5d65b8.js": "997985c4c4c955a7e1dee886fda60dff80953b8c000427cd35222f933fb5477d",
    "https://cdn.skypack.dev/-/@faker-js/faker@v7.6.0-gos0hwPsBen4rbtoIqy3/dist=es2019,mode=imports/optimized/common/chunk-USQH6BW5-7bd3fc43.js": "b663095db25a73db9ead73e8eee863adffd90a71ff82bd3b73441b3d7cf1175d",
    "https://cdn.skypack.dev/-/@faker-js/faker@v7.6.0-gos0hwPsBen4rbtoIqy3/dist=es2019,mode=imports/optimized/common/chunk-VK7Z6RGB-15974ff6.js": "b61d589e91ce45c398ca244de1d618bbb970ffabacab149178c5906d4b3a0f30",
    "https://cdn.skypack.dev/-/@faker-js/faker@v7.6.0-gos0hwPsBen4rbtoIqy3/dist=es2019,mode=imports/optimized/common/chunk-VZILLPE6-341a3064.js": "141c3360beffbea5790acb66357788f833d6c0651a73cb2c730f938625362276",
    "https://cdn.skypack.dev/-/@faker-js/faker@v7.6.0-gos0hwPsBen4rbtoIqy3/dist=es2019,mode=imports/optimized/common/chunk-W7Z3VRYQ-cd10df5a.js": "424ae3f660cbcc20be3093e941189013bf088d84225c969e4e68d2e5836fa08c",
    "https://cdn.skypack.dev/-/@faker-js/faker@v7.6.0-gos0hwPsBen4rbtoIqy3/dist=es2019,mode=imports/optimized/common/chunk-WJNWABYE-a82cca14.js": "28bc50103a4bed93a11a80c8cef1a7c0a029c6b62cdc3acdda3ddf2a80bbdf0b",
    "https://cdn.skypack.dev/-/@faker-js/faker@v7.6.0-gos0hwPsBen4rbtoIqy3/dist=es2019,mode=imports/optimized/common/chunk-WQ5WD4ZB-ff2e0321.js": "9881f9852f25f005a4732d85c0031cedea32d95e24990212f596dc7cc78654fe",
    "https://cdn.skypack.dev/-/@faker-js/faker@v7.6.0-gos0hwPsBen4rbtoIqy3/dist=es2019,mode=imports/optimized/common/chunk-WTFAB2OK-0618f92d.js": "aa3cc4c5c636777cd382590d8cb0a46637aa813dcadcdd69889a273fb9346bc9",
    "https://cdn.skypack.dev/-/@faker-js/faker@v7.6.0-gos0hwPsBen4rbtoIqy3/dist=es2019,mode=imports/optimized/common/chunk-WW46KXGA-41148436.js": "16325e7b236b69da4d6bc627987f2feb59633c99521c708e276b429471177bcc",
    "https://cdn.skypack.dev/-/@faker-js/faker@v7.6.0-gos0hwPsBen4rbtoIqy3/dist=es2019,mode=imports/optimized/common/chunk-XOZOSSLW-3a9b9f5a.js": "0417f666f9cb027fb8eb64cc06ebcc5e4492dce7e237f648954c107e3958fc3f",
    "https://cdn.skypack.dev/-/@faker-js/faker@v7.6.0-gos0hwPsBen4rbtoIqy3/dist=es2019,mode=imports/optimized/common/chunk-YNMXESCZ-466bece2.js": "a2683f2766d8631db2d0f16c59abf8685739668311b351ca749fc5be211c23f1",
    "https://cdn.skypack.dev/-/@faker-js/faker@v7.6.0-gos0hwPsBen4rbtoIqy3/dist=es2019,mode=imports/optimized/common/chunk-YOA26RGT-18f13b3d.js": "21622105cb25e24f61b4bcbdced4c66536337764c8e230e48f865cd8c4cc3b16",
    "https://cdn.skypack.dev/-/@faker-js/faker@v7.6.0-gos0hwPsBen4rbtoIqy3/dist=es2019,mode=imports/optimized/common/chunk-YTYAKGI6-09f6fb4f.js": "ce1fc6c11281816e2defd1cb17c96f046029e7a77fbbe792ce9381139cbae4ae",
    "https://cdn.skypack.dev/-/@faker-js/faker@v7.6.0-gos0hwPsBen4rbtoIqy3/dist=es2019,mode=imports/optimized/common/chunk-Z627URUV-c54c7f57.js": "7eddfb9ca2d1eea200fefa9b15c666a017133c4212920a374d73a56d530f5e63",
    "https://cdn.skypack.dev/-/@faker-js/faker@v7.6.0-gos0hwPsBen4rbtoIqy3/dist=es2019,mode=imports/optimized/common/chunk-Z6T3C6NC-b11ce738.js": "0f75cbdb3f6c75cb212152f1650f789533b3e150a9f54b94d093f554ac189011",
    "https://cdn.skypack.dev/-/@faker-js/faker@v7.6.0-gos0hwPsBen4rbtoIqy3/dist=es2019,mode=imports/optimized/common/chunk-ZJOZA6GK-f5265630.js": "4cf2fcc43005b9bc5e5b3cb627abf0e46eec6abdf0612003a552cd578a176ae2",
    "https://cdn.skypack.dev/@faker-js/faker@v7.6.0?dts": "b3d0d49c3455de97db43ed9cdb8b4b84c53c5c4b0b92849eab72e2715e8d0d42",
    "https://deno.land/std@0.164.0/_util/asserts.ts": "d0844e9b62510f89ce1f9878b046f6a57bf88f208a10304aab50efcb48365272",
    "https://deno.land/std@0.164.0/bytes/bytes_list.ts": "aba5e2369e77d426b10af1de0dcc4531acecec27f9b9056f4f7bfbf8ac147ab4",
    "https://deno.land/std@0.164.0/bytes/equals.ts": "3c3558c3ae85526f84510aa2b48ab2ad7bdd899e2e0f5b7a8ffc85acb3a6043a",
    "https://deno.land/std@0.164.0/bytes/mod.ts": "b2e342fd3669176a27a4e15061e9d588b89c1aaf5008ab71766e23669565d179",
    "https://deno.land/std@0.164.0/fmt/colors.ts": "9e36a716611dcd2e4865adea9c4bec916b5c60caad4cdcdc630d4974e6bb8bd4",
    "https://deno.land/std@0.164.0/fs/exists.ts": "6a447912e49eb79cc640adacfbf4b0baf8e17ede6d5bed057062ce33c4fa0d68",
    "https://deno.land/std@0.164.0/io/buffer.ts": "245f1762a949082ddc0a6e9b15589d0be2d29c150266decd04320b8a8318f9f6",
    "https://deno.land/std@0.164.0/io/types.d.ts": "107e1e64834c5ba917c783f446b407d33432c5d612c4b3430df64fc2b4ecf091",
    "https://deno.land/std@0.164.0/log/handlers.ts": "61ab932822ba268ad42b25de6f0014892fe469df7627b14245ad32db6fd8b54d",
    "https://deno.land/std@0.164.0/log/levels.ts": "82c965b90f763b5313e7595d4ba78d5095a13646d18430ebaf547526131604d1",
    "https://deno.land/std@0.164.0/log/logger.ts": "b545159727b023825ee6814d9178fb2a7472f8d95d704c253b771b95c658cf8c",
    "https://deno.land/std@0.164.0/log/mod.ts": "90618a3fdbb4520ed4e7d960665322a3dbfc107eebb3345fe0f36c8c8a7b7962",
    "https://deno.land/std@0.164.0/streams/conversion.ts": "555c6c249f3acf85655f2d0af52d1cb3168e40b1c1fa26beefea501b333abe28",
    "https://deno.land/x/csv@v0.8.0/deps.ts": "597e3d0c81eca1c519ce20f0a7ed573d31cfbb5625c5013763550d717ba69dfa",
    "https://deno.land/x/csv@v0.8.0/mod.ts": "2a13285c8716257aa5d6b5021d45c74dcb275eaaa46776106ddf78b071cabd88",
    "https://deno.land/x/csv@v0.8.0/reader.ts": "ad6543223f8d1c17c78b18dbaa464c3d81f7a0970b08aa5fbde9eb48e2a680d1",
    "https://deno.land/x/csv@v0.8.0/utils.ts": "7f2467acb031244c150774b9d6caa5e8c40f9857031a947c6ad20765c5d7bd20",
    "https://deno.land/x/csv@v0.8.0/writer.ts": "18a46b755cc215695862d3a896b3a7b24b33cb7ee626cbebeb7138193cb7edcf"
  }
}
